
Microsoft Visual Studio Solution File, Format Version 12.00
# Visual Studio 14
VisualStudioVersion = 14.0.25420.1
MinimumVisualStudioVersion = 10.0.40219.1
Project("{FAE04EC0-301F-11D3-BF4B-00C04F79EFBC}") = "WebApplication2", "WebApplication2\WebApplication2.csproj", "{735AA6F2-BDF4-4133-9281-7E26EF446F1D}"
EndProject
Project("{FAE04EC0-301F-11D3-BF4B-00C04F79EFBC}") = "DataLayer", "DataLayer\DataLayer.csproj", "{33724FC1-2D67-4B68-9B53-ACE2F6EC4110}"
EndProject
Project("{FAE04EC0-301F-11D3-BF4B-00C04F79EFBC}") = "BusinessLayer", "BusinessLayer\BusinessLayer.csproj", "{08F78145-36E6-4D99-AF6E-11586592B050}"
EndProject
Global
	GlobalSection(SolutionConfigurationPlatforms) = preSolution
		Debug|Any CPU = Debug|Any CPU
		Release|Any CPU = Release|Any CPU
	EndGlobalSection
	GlobalSection(ProjectConfigurationPlatforms) = postSolution
		{735AA6F2-BDF4-4133-9281-7E26EF446F1D}.Debug|Any CPU.ActiveCfg = Debug|Any CPU
		{735AA6F2-BDF4-4133-9281-7E26EF446F1D}.Debug|Any CPU.Build.0 = Debug|Any CPU
		{735AA6F2-BDF4-4133-9281-7E26EF446F1D}.Release|Any CPU.ActiveCfg = Release|Any CPU
		{735AA6F2-BDF4-4133-9281-7E26EF446F1D}.Release|Any CPU.Build.0 = Release|Any CPU
		{33724FC1-2D67-4B68-9B53-ACE2F6EC4110}.Debug|Any CPU.ActiveCfg = Debug|Any CPU
		{33724FC1-2D67-4B68-9B53-ACE2F6EC4110}.Debug|Any CPU.Build.0 = Debug|Any CPU
		{33724FC1-2D67-4B68-9B53-ACE2F6EC4110}.Release|Any CPU.ActiveCfg = Release|Any CPU
		{33724FC1-2D67-4B68-9B53-ACE2F6EC4110}.Release|Any CPU.Build.0 = Release|Any CPU
		{08F78145-36E6-4D99-AF6E-11586592B050}.Debug|Any CPU.ActiveCfg = Debug|Any CPU
		{08F78145-36E6-4D99-AF6E-11586592B050}.Debug|Any CPU.Build.0 = Debug|Any CPU
		{08F78145-36E6-4D99-AF6E-11586592B050}.Release|Any CPU.ActiveCfg = Release|Any CPU
		{08F78145-36E6-4D99-AF6E-11586592B050}.Release|Any CPU.Build.0 = Release|Any CPU
	EndGlobalSection
	GlobalSection(SolutionProperties) = preSolution
		HideSolutionNode = FALSE
	EndGlobalSection
EndGlobal
